{
  "object": {
    "pins": [
      {
        "package": "SecondsTimer",
        "repositoryURL": "https://github.com/flipjorge/seconds-timer.git",
        "state": {
          "branch": "master",
          "revision": "802e29b25dd374c3edcac5715dccda23b2077539",
          "version": null
        }
      }
    ]
  },
  "version": 1
}
