{
  "object": {
    "pins": [
      {
        "package": "SecondsTimer",
        "repositoryURL": "https://github.com/flipjorge/seconds-timer.git",
        "state": {
          "branch": "master",
          "revision": "9a7338c34b86ad4efcaee4ec81dcde0917e41192",
          "version": null
        }
      }
    ]
  },
  "version": 1
}
