{
  "object": {
    "pins": [
      {
        "package": "SecondsTimer",
        "repositoryURL": "https://github.com/flipjorge/seconds-timer.git",
        "state": {
          "branch": "master",
          "revision": "2220f89de784fa0b7c20da742e089e1273fee4a4",
          "version": null
        }
      }
    ]
  },
  "version": 1
}
